
Microsoft Visual Studio Solution File, Format Version 12.00
# Visual Studio Version 17
VisualStudioVersion = 17.5.002.0
MinimumVisualStudioVersion = 10.0.40219.1
Project("{9A19103F-16F7-4668-BE54-9A1E7A4F7556}") = "GerTarefas", "GerTarefas.csproj", "{D016D8BD-8E98-4623-9E6A-C35F619AC3CD}"
EndProject
Global
	GlobalSection(SolutionConfigurationPlatforms) = preSolution
		Debug|Any CPU = Debug|Any CPU
		Release|Any CPU = Release|Any CPU
	EndGlobalSection
	GlobalSection(ProjectConfigurationPlatforms) = postSolution
		{D016D8BD-8E98-4623-9E6A-C35F619AC3CD}.Debug|Any CPU.ActiveCfg = Debug|Any CPU
		{D016D8BD-8E98-4623-9E6A-C35F619AC3CD}.Debug|Any CPU.Build.0 = Debug|Any CPU
		{D016D8BD-8E98-4623-9E6A-C35F619AC3CD}.Release|Any CPU.ActiveCfg = Release|Any CPU
		{D016D8BD-8E98-4623-9E6A-C35F619AC3CD}.Release|Any CPU.Build.0 = Release|Any CPU
	EndGlobalSection
	GlobalSection(SolutionProperties) = preSolution
		HideSolutionNode = FALSE
	EndGlobalSection
	GlobalSection(ExtensibilityGlobals) = postSolution
		SolutionGuid = {6D0EEF57-4EB6-4EE0-9864-17B3D576FFDD}
	EndGlobalSection
EndGlobal
